{
  "name": "lxn",
  "version": "1.0.0",
  "lockfileVersion": 1,
  "requires": true,
  "dependencies": {
    "messagepack": {
      "version": "1.0.4",
      "resolved": "https://registry.npmjs.org/messagepack/-/messagepack-1.0.4.tgz",
      "integrity": "sha512-Qe3+Bls7gl2X8W+1/Thc1U17E4cZzsyjcAjmF4nLfGYsfzPFoptPfIA2ZWJVIvJ8d336pRqhVeZ1KuRy5XwvuA=="
    },
    "rollup": {
      "version": "0.50.0",
      "resolved": "https://registry.npmjs.org/rollup/-/rollup-0.50.0.tgz",
      "integrity": "sha512-7RqCBQ9iwsOBPkjYgoIaeUij606mSkDMExP0NT7QDI3bqkHYQHrQ83uoNIXwPcQm/vP2VbsUz3kiyZZ1qPlLTQ==",
      "dev": true
    },
    "rollup-plugin-tsc": {
      "version": "1.1.5",
      "resolved": "https://registry.npmjs.org/rollup-plugin-tsc/-/rollup-plugin-tsc-1.1.5.tgz",
      "integrity": "sha512-IUFLnuVkf0MLN6sVAOxMtYjWqmRaOWr9k6EBCTc/baCW1tU+S/CIDD+jk/8iZUTMM//D+cH7rYd1tG7EHeJO5Q==",
      "dev": true,
      "requires": {
        "tslib": "1.8.0",
        "typescript": "2.5.3"
      }
    },
    "testsome": {
      "version": "1.0.0",
      "resolved": "https://registry.npmjs.org/testsome/-/testsome-1.0.0.tgz",
      "integrity": "sha512-N+0o+ijVF4hKGsGhulW1010BHgcGgYNMcaJ08tHPcyurAm2d4miZ8T9X6VvN8S7WzI7n00z1+n8OMISVAd+mJQ==",
      "dev": true
    },
    "tslib": {
      "version": "1.8.0",
      "resolved": "https://registry.npmjs.org/tslib/-/tslib-1.8.0.tgz",
      "integrity": "sha512-ymKWWZJST0/CkgduC2qkzjMOWr4bouhuURNXCn/inEX0L57BnRG6FhX76o7FOnsjHazCjfU2LKeSrlS2sIKQJg==",
      "dev": true
    },
    "typescript": {
      "version": "2.5.3",
      "resolved": "https://registry.npmjs.org/typescript/-/typescript-2.5.3.tgz",
      "integrity": "sha512-ptLSQs2S4QuS6/OD1eAKG+S5G8QQtrU5RT32JULdZQtM1L3WTi34Wsu48Yndzi8xsObRAB9RPt/KhA9wlpEF6w==",
      "dev": true
    }
  }
}
